
Microsoft Visual Studio Solution File, Format Version 12.00
# Visual Studio 14
VisualStudioVersion = 14.0.25420.1
MinimumVisualStudioVersion = 10.0.40219.1
Project("{FAE04EC0-301F-11D3-BF4B-00C04F79EFBC}") = "DotNet_Project_9253_1706", "DotNet_Project_9253_1706\DotNet_Project_9253_1706.csproj", "{B0B0CB97-DC8C-4A1B-9895-2BAAA70863A4}"
EndProject
Project("{FAE04EC0-301F-11D3-BF4B-00C04F79EFBC}") = "BE", "BE\BE.csproj", "{0ED958A9-5585-408E-ADBF-77ED0AA97BD6}"
EndProject
Project("{FAE04EC0-301F-11D3-BF4B-00C04F79EFBC}") = "DAL", "DAL\DAL.csproj", "{D1D6CB28-F246-4750-88C5-AA58748B0DA6}"
EndProject
Project("{FAE04EC0-301F-11D3-BF4B-00C04F79EFBC}") = "UI", "UI\UI.csproj", "{8BCFD8E6-E063-49A6-85B4-2F504ACA7A2E}"
EndProject
Project("{FAE04EC0-301F-11D3-BF4B-00C04F79EFBC}") = "UI-CONSOLE", "UI-CONSOLE\UI-CONSOLE.csproj", "{BC241900-6F7B-41DE-A176-E8DF2ADFD81C}"
EndProject
Project("{FAE04EC0-301F-11D3-BF4B-00C04F79EFBC}") = "DS", "DS\DS.csproj", "{08FF33EC-FB6B-4867-B5E7-859AB969DC80}"
EndProject
Project("{FAE04EC0-301F-11D3-BF4B-00C04F79EFBC}") = "BL", "BL\BL.csproj", "{206ED559-2798-4398-A5BF-87B0337A53F5}"
EndProject
Project("{FAE04EC0-301F-11D3-BF4B-00C04F79EFBC}") = "WPF-UI", "WPF-UI\WPF-UI.csproj", "{46FDB081-8579-466D-887D-0AE400B9E7DF}"
EndProject
Global
	GlobalSection(SolutionConfigurationPlatforms) = preSolution
		Debug|Any CPU = Debug|Any CPU
		Release|Any CPU = Release|Any CPU
	EndGlobalSection
	GlobalSection(ProjectConfigurationPlatforms) = postSolution
		{B0B0CB97-DC8C-4A1B-9895-2BAAA70863A4}.Debug|Any CPU.ActiveCfg = Debug|Any CPU
		{B0B0CB97-DC8C-4A1B-9895-2BAAA70863A4}.Debug|Any CPU.Build.0 = Debug|Any CPU
		{B0B0CB97-DC8C-4A1B-9895-2BAAA70863A4}.Release|Any CPU.ActiveCfg = Release|Any CPU
		{B0B0CB97-DC8C-4A1B-9895-2BAAA70863A4}.Release|Any CPU.Build.0 = Release|Any CPU
		{0ED958A9-5585-408E-ADBF-77ED0AA97BD6}.Debug|Any CPU.ActiveCfg = Debug|Any CPU
		{0ED958A9-5585-408E-ADBF-77ED0AA97BD6}.Debug|Any CPU.Build.0 = Debug|Any CPU
		{0ED958A9-5585-408E-ADBF-77ED0AA97BD6}.Release|Any CPU.ActiveCfg = Release|Any CPU
		{0ED958A9-5585-408E-ADBF-77ED0AA97BD6}.Release|Any CPU.Build.0 = Release|Any CPU
		{D1D6CB28-F246-4750-88C5-AA58748B0DA6}.Debug|Any CPU.ActiveCfg = Debug|Any CPU
		{D1D6CB28-F246-4750-88C5-AA58748B0DA6}.Debug|Any CPU.Build.0 = Debug|Any CPU
		{D1D6CB28-F246-4750-88C5-AA58748B0DA6}.Release|Any CPU.ActiveCfg = Release|Any CPU
		{D1D6CB28-F246-4750-88C5-AA58748B0DA6}.Release|Any CPU.Build.0 = Release|Any CPU
		{8BCFD8E6-E063-49A6-85B4-2F504ACA7A2E}.Debug|Any CPU.ActiveCfg = Debug|Any CPU
		{8BCFD8E6-E063-49A6-85B4-2F504ACA7A2E}.Debug|Any CPU.Build.0 = Debug|Any CPU
		{8BCFD8E6-E063-49A6-85B4-2F504ACA7A2E}.Release|Any CPU.ActiveCfg = Release|Any CPU
		{8BCFD8E6-E063-49A6-85B4-2F504ACA7A2E}.Release|Any CPU.Build.0 = Release|Any CPU
		{BC241900-6F7B-41DE-A176-E8DF2ADFD81C}.Debug|Any CPU.ActiveCfg = Debug|Any CPU
		{BC241900-6F7B-41DE-A176-E8DF2ADFD81C}.Debug|Any CPU.Build.0 = Debug|Any CPU
		{BC241900-6F7B-41DE-A176-E8DF2ADFD81C}.Release|Any CPU.ActiveCfg = Release|Any CPU
		{BC241900-6F7B-41DE-A176-E8DF2ADFD81C}.Release|Any CPU.Build.0 = Release|Any CPU
		{08FF33EC-FB6B-4867-B5E7-859AB969DC80}.Debug|Any CPU.ActiveCfg = Debug|Any CPU
		{08FF33EC-FB6B-4867-B5E7-859AB969DC80}.Debug|Any CPU.Build.0 = Debug|Any CPU
		{08FF33EC-FB6B-4867-B5E7-859AB969DC80}.Release|Any CPU.ActiveCfg = Release|Any CPU
		{08FF33EC-FB6B-4867-B5E7-859AB969DC80}.Release|Any CPU.Build.0 = Release|Any CPU
		{206ED559-2798-4398-A5BF-87B0337A53F5}.Debug|Any CPU.ActiveCfg = Debug|Any CPU
		{206ED559-2798-4398-A5BF-87B0337A53F5}.Debug|Any CPU.Build.0 = Debug|Any CPU
		{206ED559-2798-4398-A5BF-87B0337A53F5}.Release|Any CPU.ActiveCfg = Release|Any CPU
		{206ED559-2798-4398-A5BF-87B0337A53F5}.Release|Any CPU.Build.0 = Release|Any CPU
		{46FDB081-8579-466D-887D-0AE400B9E7DF}.Debug|Any CPU.ActiveCfg = Debug|Any CPU
		{46FDB081-8579-466D-887D-0AE400B9E7DF}.Debug|Any CPU.Build.0 = Debug|Any CPU
		{46FDB081-8579-466D-887D-0AE400B9E7DF}.Release|Any CPU.ActiveCfg = Release|Any CPU
		{46FDB081-8579-466D-887D-0AE400B9E7DF}.Release|Any CPU.Build.0 = Release|Any CPU
	EndGlobalSection
	GlobalSection(SolutionProperties) = preSolution
		HideSolutionNode = FALSE
	EndGlobalSection
EndGlobal
